# THIS IS AN AUTOGENERATED FILE. DO NOT EDIT THIS FILE DIRECTLY.
# yarn lockfile v1


"@types/k6@^1.0.2":
  version "1.0.2"
  resolved "https://registry.yarnpkg.com/@types/k6/-/k6-1.0.2.tgz#da62b6faaafc969a76c19b838121c1502f878464"
  integrity sha512-bpja1c7OXIJk06aPGN+Aw5f3QhP0PjvgX2Fwfa3rJUaUI+O1ZE3491g9hMjhH21ZlTaAhz7h6veyxaz/RqPUTg==
