# THIS IS AN AUTOGENERATED FILE. DO NOT EDIT THIS FILE DIRECTLY.
# yarn lockfile v1


"@types/k6@^0.57.1":
  version "0.57.1"
  resolved "https://registry.yarnpkg.com/@types/k6/-/k6-0.57.1.tgz#d32221f94e4e27198c2bdb327c7428d581ae18ce"
  integrity sha512-S/p2RQAYUBXyYROkR2fgeON/LaxJ0YR+KIlnPQW/TOeLBXD7tX4RfDSWaIecuDTWKblmc6UwANyP0e5QDZPhMw==
